# This file is generated by running "yarn install" inside your project.
# Manual changes might be lost - proceed with caution!

__metadata:
  version: 6
  cacheKey: 8

"@kwsites/file-exists@npm:^1.1.1":
  version: 1.1.1
  resolution: "@kwsites/file-exists@npm:1.1.1"
  dependencies:
    debug: ^4.1.1
  checksum: 4ff945de7293285133aeae759caddc71e73c4a44a12fac710fdd4f574cce2671a3f89d8165fdb03d383cfc97f3f96f677d8de3c95133da3d0e12a123a23109fe
  languageName: node
  linkType: hard

"@kwsites/promise-deferred@npm:^1.1.1":
  version: 1.1.1
  resolution: "@kwsites/promise-deferred@npm:1.1.1"
  checksum: 07455477a0123d9a38afb503739eeff2c5424afa8d3dbdcc7f9502f13604488a4b1d9742fc7288832a52a6422cf1e1c0a1d51f69a39052f14d27c9a0420b6629
  languageName: node
  linkType: hard

"chalk@npm:^5.2.0":
  version: 5.2.0
  resolution: "chalk@npm:5.2.0"
  checksum: 03d8060277de6cf2fd567dc25fcf770593eb5bb85f460ce443e49255a30ff1242edd0c90a06a03803b0466ff0687a939b41db1757bec987113e83de89a003caa
  languageName: node
  linkType: hard

"commander@npm:^10.0.0":
  version: 10.0.0
  resolution: "commander@npm:10.0.0"
  checksum: 9f6495651f878213005ac744dd87a85fa3d9f2b8b90d1c19d0866d666bda7f735adfd7c2f10dfff345782e2f80ea258f98bb4efcef58e4e502f25f883940acfd
  languageName: node
  linkType: hard

"create-se2-app@workspace:.":
  version: 0.0.0-use.local
  resolution: "create-se2-app@workspace:."
  dependencies:
    chalk: ^5.2.0
    commander: ^10.0.0
    simple-git: ^3.17.0
  bin:
    create-se2-app: src/cli.js
  languageName: unknown
  linkType: soft

"debug@npm:^4.1.1, debug@npm:^4.3.4":
  version: 4.3.4
  resolution: "debug@npm:4.3.4"
  dependencies:
    ms: 2.1.2
  peerDependenciesMeta:
    supports-color:
      optional: true
  checksum: 3dbad3f94ea64f34431a9cbf0bafb61853eda57bff2880036153438f50fb5a84f27683ba0d8e5426bf41a8c6ff03879488120cf5b3a761e77953169c0600a708
  languageName: node
  linkType: hard

"ms@npm:2.1.2":
  version: 2.1.2
  resolution: "ms@npm:2.1.2"
  checksum: 673cdb2c3133eb050c745908d8ce632ed2c02d85640e2edb3ace856a2266a813b30c613569bf3354fdf4ea7d1a1494add3bfa95e2713baa27d0c2c71fc44f58f
  languageName: node
  linkType: hard

"simple-git@npm:^3.17.0":
  version: 3.17.0
  resolution: "simple-git@npm:3.17.0"
  dependencies:
    "@kwsites/file-exists": ^1.1.1
    "@kwsites/promise-deferred": ^1.1.1
    debug: ^4.3.4
  checksum: 977a05cb0b5087296348b5afa682ce552f43234f5fd29b44c3d7f56b3682d10dcb03752a418e508aaffcbdb6ea2e304a3ef10095197d6743d2353adb85f32592
  languageName: node
  linkType: hard
